
Microsoft Visual Studio Solution File, Format Version 12.00
# Visual Studio Version 17
VisualStudioVersion = 17.12.35514.174
MinimumVisualStudioVersion = 10.0.40219.1
Project("{FAE04EC0-301F-11D3-BF4B-00C04F79EFBC}") = "Kalevich.UI", "Kalevich.UI\Kalevich.UI.csproj", "{3FE7B693-6BA8-CE8D-DE12-03424B5BCE55}"
EndProject
Project("{FAE04EC0-301F-11D3-BF4B-00C04F79EFBC}") = "Kalevich.Domain", "Kalevich.Domain\Kalevich.Domain.csproj", "{5F3553AD-8B43-34E2-BE52-374D01018901}"
EndProject
Project("{FAE04EC0-301F-11D3-BF4B-00C04F79EFBC}") = "Kalevich.Blazor", "Kalevich.Blazor\Kalevich.Blazor.csproj", "{7CBC0EA6-FFEC-3712-E63C-9320A16D7AB7}"
EndProject
Project("{FAE04EC0-301F-11D3-BF4B-00C04F79EFBC}") = "Kalevich.API", "Kalevich.API\Kalevich.API.csproj", "{A26A5DA0-8C4F-E753-9577-8CE313A08761}"
EndProject
Global
	GlobalSection(SolutionConfigurationPlatforms) = preSolution
		Debug|Any CPU = Debug|Any CPU
		Release|Any CPU = Release|Any CPU
	EndGlobalSection
	GlobalSection(ProjectConfigurationPlatforms) = postSolution
		{3FE7B693-6BA8-CE8D-DE12-03424B5BCE55}.Debug|Any CPU.ActiveCfg = Debug|Any CPU
		{3FE7B693-6BA8-CE8D-DE12-03424B5BCE55}.Debug|Any CPU.Build.0 = Debug|Any CPU
		{3FE7B693-6BA8-CE8D-DE12-03424B5BCE55}.Release|Any CPU.ActiveCfg = Release|Any CPU
		{3FE7B693-6BA8-CE8D-DE12-03424B5BCE55}.Release|Any CPU.Build.0 = Release|Any CPU
		{F2FB9681-A547-9045-72C8-1BE7CAE63A3E}.Debug|Any CPU.ActiveCfg = Debug|Any CPU
		{F2FB9681-A547-9045-72C8-1BE7CAE63A3E}.Debug|Any CPU.Build.0 = Debug|Any CPU
		{F2FB9681-A547-9045-72C8-1BE7CAE63A3E}.Release|Any CPU.ActiveCfg = Release|Any CPU
		{F2FB9681-A547-9045-72C8-1BE7CAE63A3E}.Release|Any CPU.Build.0 = Release|Any CPU
		{5F3553AD-8B43-34E2-BE52-374D01018901}.Debug|Any CPU.ActiveCfg = Debug|Any CPU
		{5F3553AD-8B43-34E2-BE52-374D01018901}.Debug|Any CPU.Build.0 = Debug|Any CPU
		{5F3553AD-8B43-34E2-BE52-374D01018901}.Release|Any CPU.ActiveCfg = Release|Any CPU
		{5F3553AD-8B43-34E2-BE52-374D01018901}.Release|Any CPU.Build.0 = Release|Any CPU
		{7CBC0EA6-FFEC-3712-E63C-9320A16D7AB7}.Debug|Any CPU.ActiveCfg = Debug|Any CPU
		{7CBC0EA6-FFEC-3712-E63C-9320A16D7AB7}.Debug|Any CPU.Build.0 = Debug|Any CPU
		{7CBC0EA6-FFEC-3712-E63C-9320A16D7AB7}.Release|Any CPU.ActiveCfg = Release|Any CPU
		{7CBC0EA6-FFEC-3712-E63C-9320A16D7AB7}.Release|Any CPU.Build.0 = Release|Any CPU
		{A26A5DA0-8C4F-E753-9577-8CE313A08761}.Debug|Any CPU.ActiveCfg = Debug|Any CPU
		{A26A5DA0-8C4F-E753-9577-8CE313A08761}.Debug|Any CPU.Build.0 = Debug|Any CPU
		{A26A5DA0-8C4F-E753-9577-8CE313A08761}.Release|Any CPU.ActiveCfg = Release|Any CPU
		{A26A5DA0-8C4F-E753-9577-8CE313A08761}.Release|Any CPU.Build.0 = Release|Any CPU
	EndGlobalSection
	GlobalSection(SolutionProperties) = preSolution
		HideSolutionNode = FALSE
	EndGlobalSection
	GlobalSection(ExtensibilityGlobals) = postSolution
		SolutionGuid = {8FF9737B-36FD-4ED2-828D-733AEF44D51F}
	EndGlobalSection
EndGlobal
