
Microsoft Visual Studio Solution File, Format Version 12.00
# Visual Studio Version 17
VisualStudioVersion = 17.14.36109.1 d17.14
MinimumVisualStudioVersion = 10.0.40219.1
Project("{FAE04EC0-301F-11D3-BF4B-00C04F79EFBC}") = "Kalevich.UI", "Kalevich.UI\Kalevich.UI.csproj", "{B59D8495-02D0-4C22-AD0A-BB7DE6DD55B3}"
EndProject
Global
	GlobalSection(SolutionConfigurationPlatforms) = preSolution
		Debug|Any CPU = Debug|Any CPU
		Release|Any CPU = Release|Any CPU
	EndGlobalSection
	GlobalSection(ProjectConfigurationPlatforms) = postSolution
		{B59D8495-02D0-4C22-AD0A-BB7DE6DD55B3}.Debug|Any CPU.ActiveCfg = Debug|Any CPU
		{B59D8495-02D0-4C22-AD0A-BB7DE6DD55B3}.Debug|Any CPU.Build.0 = Debug|Any CPU
		{B59D8495-02D0-4C22-AD0A-BB7DE6DD55B3}.Release|Any CPU.ActiveCfg = Release|Any CPU
		{B59D8495-02D0-4C22-AD0A-BB7DE6DD55B3}.Release|Any CPU.Build.0 = Release|Any CPU
	EndGlobalSection
	GlobalSection(SolutionProperties) = preSolution
		HideSolutionNode = FALSE
	EndGlobalSection
	GlobalSection(ExtensibilityGlobals) = postSolution
		SolutionGuid = {17ECC6F0-A23D-4BBB-9894-79CB9C27731C}
	EndGlobalSection
EndGlobal
